// !$*UTF8*$!
{
	archiveVersion = 1;
	classes = {
	};
	objectVersion = 50;
	objects = {

/* Begin PBXBuildFile section */
		77128BDE2336FE8E002C2274 /* GameScene.sks in Resources */ = {isa = PBXBuildFile; fileRef = 77128BDD2336FE8E002C2274 /* GameScene.sks */; };
		77128BE02336FED0002C2274 /* GameScene.swift in Sources */ = {isa = PBXBuildFile; fileRef = 77128BDF2336FED0002C2274 /* GameScene.swift */; };
		77128BE22336FF03002C2274 /* GameViewController.swift in Sources */ = {isa = PBXBuildFile; fileRef = 77128BE12336FF03002C2274 /* GameViewController.swift */; };
		77128BE523370567002C2274 /* LogicGame.swift in Sources */ = {isa = PBXBuildFile; fileRef = 77128BE423370567002C2274 /* LogicGame.swift */; };
		772D84A3232729F200B1CEB5 /* AppDelegate.swift in Sources */ = {isa = PBXBuildFile; fileRef = 772D84A2232729F200B1CEB5 /* AppDelegate.swift */; };
		772D84A5232729F200B1CEB5 /* ViewController.swift in Sources */ = {isa = PBXBuildFile; fileRef = 772D84A4232729F200B1CEB5 /* ViewController.swift */; };
		772D84A8232729F200B1CEB5 /* Main.storyboard in Resources */ = {isa = PBXBuildFile; fileRef = 772D84A6232729F200B1CEB5 /* Main.storyboard */; };
		772D84AA232729F200B1CEB5 /* Assets.xcassets in Resources */ = {isa = PBXBuildFile; fileRef = 772D84A9232729F200B1CEB5 /* Assets.xcassets */; };
		772D84AD232729F200B1CEB5 /* LaunchScreen.storyboard in Resources */ = {isa = PBXBuildFile; fileRef = 772D84AB232729F200B1CEB5 /* LaunchScreen.storyboard */; };
		7738C5AF23370CAD001AA843 /* GameServerViewController.swift in Sources */ = {isa = PBXBuildFile; fileRef = 7738C5AE23370CAD001AA843 /* GameServerViewController.swift */; };
		7738C5B323382BD4001AA843 /* PlayerModel.swift in Sources */ = {isa = PBXBuildFile; fileRef = 7738C5B223382BD4001AA843 /* PlayerModel.swift */; };
		774B8D4A23326003006DA98D /* UDPClient.swift in Sources */ = {isa = PBXBuildFile; fileRef = 774B8D4923326003006DA98D /* UDPClient.swift */; };
		77608C5023306961004C07FD /* UDPServer.swift in Sources */ = {isa = PBXBuildFile; fileRef = 77608C4F23306961004C07FD /* UDPServer.swift */; };
		779D727723387BA100C7E785 /* GameViewController2.swift in Sources */ = {isa = PBXBuildFile; fileRef = 779D727623387BA100C7E785 /* GameViewController2.swift */; };
		779D727923387BC200C7E785 /* GameScene2.swift in Sources */ = {isa = PBXBuildFile; fileRef = 779D727823387BC200C7E785 /* GameScene2.swift */; };
/* End PBXBuildFile section */

/* Begin PBXFileReference section */
		77128BDD2336FE8E002C2274 /* GameScene.sks */ = {isa = PBXFileReference; lastKnownFileType = file.sks; path = GameScene.sks; sourceTree = "<group>"; };
		77128BDF2336FED0002C2274 /* GameScene.swift */ = {isa = PBXFileReference; lastKnownFileType = sourcecode.swift; path = GameScene.swift; sourceTree = "<group>"; };
		77128BE12336FF03002C2274 /* GameViewController.swift */ = {isa = PBXFileReference; lastKnownFileType = sourcecode.swift; path = GameViewController.swift; sourceTree = "<group>"; };
		77128BE423370567002C2274 /* LogicGame.swift */ = {isa = PBXFileReference; lastKnownFileType = sourcecode.swift; path = LogicGame.swift; sourceTree = "<group>"; };
		772D849F232729F200B1CEB5 /* mudLabRedes.app */ = {isa = PBXFileReference; explicitFileType = wrapper.application; includeInIndex = 0; path = mudLabRedes.app; sourceTree = BUILT_PRODUCTS_DIR; };
		772D84A2232729F200B1CEB5 /* AppDelegate.swift */ = {isa = PBXFileReference; lastKnownFileType = sourcecode.swift; path = AppDelegate.swift; sourceTree = "<group>"; };
		772D84A4232729F200B1CEB5 /* ViewController.swift */ = {isa = PBXFileReference; lastKnownFileType = sourcecode.swift; path = ViewController.swift; sourceTree = "<group>"; };
		772D84A7232729F200B1CEB5 /* Base */ = {isa = PBXFileReference; lastKnownFileType = file.storyboard; name = Base; path = Base.lproj/Main.storyboard; sourceTree = "<group>"; };
		772D84A9232729F200B1CEB5 /* Assets.xcassets */ = {isa = PBXFileReference; lastKnownFileType = folder.assetcatalog; path = Assets.xcassets; sourceTree = "<group>"; };
		772D84AC232729F200B1CEB5 /* Base */ = {isa = PBXFileReference; lastKnownFileType = file.storyboard; name = Base; path = Base.lproj/LaunchScreen.storyboard; sourceTree = "<group>"; };
		772D84AE232729F300B1CEB5 /* Info.plist */ = {isa = PBXFileReference; lastKnownFileType = text.plist.xml; path = Info.plist; sourceTree = "<group>"; };
		7738C5AE23370CAD001AA843 /* GameServerViewController.swift */ = {isa = PBXFileReference; lastKnownFileType = sourcecode.swift; path = GameServerViewController.swift; sourceTree = "<group>"; };
		7738C5B223382BD4001AA843 /* PlayerModel.swift */ = {isa = PBXFileReference; lastKnownFileType = sourcecode.swift; path = PlayerModel.swift; sourceTree = "<group>"; };
		774B8D4923326003006DA98D /* UDPClient.swift */ = {isa = PBXFileReference; lastKnownFileType = sourcecode.swift; path = UDPClient.swift; sourceTree = "<group>"; };
		77608C4F23306961004C07FD /* UDPServer.swift */ = {isa = PBXFileReference; lastKnownFileType = sourcecode.swift; path = UDPServer.swift; sourceTree = "<group>"; };
		779D727623387BA100C7E785 /* GameViewController2.swift */ = {isa = PBXFileReference; lastKnownFileType = sourcecode.swift; path = GameViewController2.swift; sourceTree = "<group>"; };
		779D727823387BC200C7E785 /* GameScene2.swift */ = {isa = PBXFileReference; lastKnownFileType = sourcecode.swift; path = GameScene2.swift; sourceTree = "<group>"; };
/* End PBXFileReference section */

/* Begin PBXFrameworksBuildPhase section */
		772D849C232729F200B1CEB5 /* Frameworks */ = {
			isa = PBXFrameworksBuildPhase;
			buildActionMask = 2147483647;
			files = (
			);
			runOnlyForDeploymentPostprocessing = 0;
		};
/* End PBXFrameworksBuildPhase section */

/* Begin PBXGroup section */
		77128BD92336FDAC002C2274 /* Client */ = {
			isa = PBXGroup;
			children = (
				774B8D4923326003006DA98D /* UDPClient.swift */,
				77128BDC2336FE62002C2274 /* Player1 */,
				779D727523387B6D00C7E785 /* Player2 */,
			);
			path = Client;
			sourceTree = "<group>";
		};
		77128BDA2336FDC4002C2274 /* Server */ = {
			isa = PBXGroup;
			children = (
				7738C5AE23370CAD001AA843 /* GameServerViewController.swift */,
				77608C4F23306961004C07FD /* UDPServer.swift */,
				7738C5B223382BD4001AA843 /* PlayerModel.swift */,
				77128BE32337053D002C2274 /* GameLogicServer */,
			);
			path = Server;
			sourceTree = "<group>";
		};
		77128BDB2336FDCB002C2274 /* View */ = {
			isa = PBXGroup;
			children = (
				772D84AB232729F200B1CEB5 /* LaunchScreen.storyboard */,
				772D84A6232729F200B1CEB5 /* Main.storyboard */,
				772D84A9232729F200B1CEB5 /* Assets.xcassets */,
			);
			path = View;
			sourceTree = "<group>";
		};
		77128BDC2336FE62002C2274 /* Player1 */ = {
			isa = PBXGroup;
			children = (
				77128BE12336FF03002C2274 /* GameViewController.swift */,
				77128BDF2336FED0002C2274 /* GameScene.swift */,
			);
			path = Player1;
			sourceTree = "<group>";
		};
		77128BE32337053D002C2274 /* GameLogicServer */ = {
			isa = PBXGroup;
			children = (
				77128BE423370567002C2274 /* LogicGame.swift */,
			);
			path = GameLogicServer;
			sourceTree = "<group>";
		};
		772D8496232729F200B1CEB5 = {
			isa = PBXGroup;
			children = (
				772D84A1232729F200B1CEB5 /* mudLabRedes */,
				772D84A0232729F200B1CEB5 /* Products */,
			);
			sourceTree = "<group>";
		};
		772D84A0232729F200B1CEB5 /* Products */ = {
			isa = PBXGroup;
			children = (
				772D849F232729F200B1CEB5 /* mudLabRedes.app */,
			);
			name = Products;
			sourceTree = "<group>";
		};
		772D84A1232729F200B1CEB5 /* mudLabRedes */ = {
			isa = PBXGroup;
			children = (
				77128BD92336FDAC002C2274 /* Client */,
				77128BDA2336FDC4002C2274 /* Server */,
				77128BDB2336FDCB002C2274 /* View */,
				77128BDD2336FE8E002C2274 /* GameScene.sks */,
				772D84A2232729F200B1CEB5 /* AppDelegate.swift */,
				772D84A4232729F200B1CEB5 /* ViewController.swift */,
				772D84AE232729F300B1CEB5 /* Info.plist */,
			);
			path = mudLabRedes;
			sourceTree = "<group>";
		};
		779D727523387B6D00C7E785 /* Player2 */ = {
			isa = PBXGroup;
			children = (
				779D727623387BA100C7E785 /* GameViewController2.swift */,
				779D727823387BC200C7E785 /* GameScene2.swift */,
			);
			path = Player2;
			sourceTree = "<group>";
		};
/* End PBXGroup section */

/* Begin PBXNativeTarget section */
		772D849E232729F200B1CEB5 /* mudLabRedes */ = {
			isa = PBXNativeTarget;
			buildConfigurationList = 772D84B1232729F300B1CEB5 /* Build configuration list for PBXNativeTarget "mudLabRedes" */;
			buildPhases = (
				772D849B232729F200B1CEB5 /* Sources */,
				772D849C232729F200B1CEB5 /* Frameworks */,
				772D849D232729F200B1CEB5 /* Resources */,
			);
			buildRules = (
			);
			dependencies = (
			);
			name = mudLabRedes;
			productName = mudLabRedes;
			productReference = 772D849F232729F200B1CEB5 /* mudLabRedes.app */;
			productType = "com.apple.product-type.application";
		};
/* End PBXNativeTarget section */

/* Begin PBXProject section */
		772D8497232729F200B1CEB5 /* Project object */ = {
			isa = PBXProject;
			attributes = {
				LastSwiftUpdateCheck = 1030;
				LastUpgradeCheck = 1030;
				ORGANIZATIONNAME = "Guilherme Rangel";
				TargetAttributes = {
					772D849E232729F200B1CEB5 = {
						CreatedOnToolsVersion = 10.3;
					};
				};
			};
			buildConfigurationList = 772D849A232729F200B1CEB5 /* Build configuration list for PBXProject "mudLabRedes" */;
			compatibilityVersion = "Xcode 9.3";
			developmentRegion = en;
			hasScannedForEncodings = 0;
			knownRegions = (
				en,
				Base,
			);
			mainGroup = 772D8496232729F200B1CEB5;
			productRefGroup = 772D84A0232729F200B1CEB5 /* Products */;
			projectDirPath = "";
			projectRoot = "";
			targets = (
				772D849E232729F200B1CEB5 /* mudLabRedes */,
			);
		};
/* End PBXProject section */

/* Begin PBXResourcesBuildPhase section */
		772D849D232729F200B1CEB5 /* Resources */ = {
			isa = PBXResourcesBuildPhase;
			buildActionMask = 2147483647;
			files = (
				77128BDE2336FE8E002C2274 /* GameScene.sks in Resources */,
				772D84AD232729F200B1CEB5 /* LaunchScreen.storyboard in Resources */,
				772D84AA232729F200B1CEB5 /* Assets.xcassets in Resources */,
				772D84A8232729F200B1CEB5 /* Main.storyboard in Resources */,
			);
			runOnlyForDeploymentPostprocessing = 0;
		};
/* End PBXResourcesBuildPhase section */

/* Begin PBXSourcesBuildPhase section */
		772D849B232729F200B1CEB5 /* Sources */ = {
			isa = PBXSourcesBuildPhase;
			buildActionMask = 2147483647;
			files = (
				772D84A5232729F200B1CEB5 /* ViewController.swift in Sources */,
				7738C5AF23370CAD001AA843 /* GameServerViewController.swift in Sources */,
				77128BE02336FED0002C2274 /* GameScene.swift in Sources */,
				779D727723387BA100C7E785 /* GameViewController2.swift in Sources */,
				7738C5B323382BD4001AA843 /* PlayerModel.swift in Sources */,
				772D84A3232729F200B1CEB5 /* AppDelegate.swift in Sources */,
				77128BE523370567002C2274 /* LogicGame.swift in Sources */,
				774B8D4A23326003006DA98D /* UDPClient.swift in Sources */,
				779D727923387BC200C7E785 /* GameScene2.swift in Sources */,
				77128BE22336FF03002C2274 /* GameViewController.swift in Sources */,
				77608C5023306961004C07FD /* UDPServer.swift in Sources */,
			);
			runOnlyForDeploymentPostprocessing = 0;
		};
/* End PBXSourcesBuildPhase section */

/* Begin PBXVariantGroup section */
		772D84A6232729F200B1CEB5 /* Main.storyboard */ = {
			isa = PBXVariantGroup;
			children = (
				772D84A7232729F200B1CEB5 /* Base */,
			);
			name = Main.storyboard;
			sourceTree = "<group>";
		};
		772D84AB232729F200B1CEB5 /* LaunchScreen.storyboard */ = {
			isa = PBXVariantGroup;
			children = (
				772D84AC232729F200B1CEB5 /* Base */,
			);
			name = LaunchScreen.storyboard;
			sourceTree = "<group>";
		};
/* End PBXVariantGroup section */

/* Begin XCBuildConfiguration section */
		772D84AF232729F300B1CEB5 /* Debug */ = {
			isa = XCBuildConfiguration;
			buildSettings = {
				ALWAYS_SEARCH_USER_PATHS = NO;
				CLANG_ANALYZER_NONNULL = YES;
				CLANG_ANALYZER_NUMBER_OBJECT_CONVERSION = YES_AGGRESSIVE;
				CLANG_CXX_LANGUAGE_STANDARD = "gnu++14";
				CLANG_CXX_LIBRARY = "libc++";
				CLANG_ENABLE_MODULES = YES;
				CLANG_ENABLE_OBJC_ARC = YES;
				CLANG_ENABLE_OBJC_WEAK = YES;
				CLANG_WARN_BLOCK_CAPTURE_AUTORELEASING = YES;
				CLANG_WARN_BOOL_CONVERSION = YES;
				CLANG_WARN_COMMA = YES;
				CLANG_WARN_CONSTANT_CONVERSION = YES;
				CLANG_WARN_DEPRECATED_OBJC_IMPLEMENTATIONS = YES;
				CLANG_WARN_DIRECT_OBJC_ISA_USAGE = YES_ERROR;
				CLANG_WARN_DOCUMENTATION_COMMENTS = YES;
				CLANG_WARN_EMPTY_BODY = YES;
				CLANG_WARN_ENUM_CONVERSION = YES;
				CLANG_WARN_INFINITE_RECURSION = YES;
				CLANG_WARN_INT_CONVERSION = YES;
				CLANG_WARN_NON_LITERAL_NULL_CONVERSION = YES;
				CLANG_WARN_OBJC_IMPLICIT_RETAIN_SELF = YES;
				CLANG_WARN_OBJC_LITERAL_CONVERSION = YES;
				CLANG_WARN_OBJC_ROOT_CLASS = YES_ERROR;
				CLANG_WARN_RANGE_LOOP_ANALYSIS = YES;
				CLANG_WARN_STRICT_PROTOTYPES = YES;
				CLANG_WARN_SUSPICIOUS_MOVE = YES;
				CLANG_WARN_UNGUARDED_AVAILABILITY = YES_AGGRESSIVE;
				CLANG_WARN_UNREACHABLE_CODE = YES;
				CLANG_WARN__DUPLICATE_METHOD_MATCH = YES;
				CODE_SIGN_IDENTITY = "iPhone Developer";
				COPY_PHASE_STRIP = NO;
				DEBUG_INFORMATION_FORMAT = dwarf;
				ENABLE_STRICT_OBJC_MSGSEND = YES;
				ENABLE_TESTABILITY = YES;
				GCC_C_LANGUAGE_STANDARD = gnu11;
				GCC_DYNAMIC_NO_PIC = NO;
				GCC_NO_COMMON_BLOCKS = YES;
				GCC_OPTIMIZATION_LEVEL = 0;
				GCC_PREPROCESSOR_DEFINITIONS = (
					"DEBUG=1",
					"$(inherited)",
				);
				GCC_WARN_64_TO_32_BIT_CONVERSION = YES;
				GCC_WARN_ABOUT_RETURN_TYPE = YES_ERROR;
				GCC_WARN_UNDECLARED_SELECTOR = YES;
				GCC_WARN_UNINITIALIZED_AUTOS = YES_AGGRESSIVE;
				GCC_WARN_UNUSED_FUNCTION = YES;
				GCC_WARN_UNUSED_VARIABLE = YES;
				IPHONEOS_DEPLOYMENT_TARGET = 12.4;
				MTL_ENABLE_DEBUG_INFO = INCLUDE_SOURCE;
				MTL_FAST_MATH = YES;
				ONLY_ACTIVE_ARCH = YES;
				SDKROOT = iphoneos;
				SWIFT_ACTIVE_COMPILATION_CONDITIONS = DEBUG;
				SWIFT_OPTIMIZATION_LEVEL = "-Onone";
			};
			name = Debug;
		};
		772D84B0232729F300B1CEB5 /* Release */ = {
			isa = XCBuildConfiguration;
			buildSettings = {
				ALWAYS_SEARCH_USER_PATHS = NO;
				CLANG_ANALYZER_NONNULL = YES;
				CLANG_ANALYZER_NUMBER_OBJECT_CONVERSION = YES_AGGRESSIVE;
				CLANG_CXX_LANGUAGE_STANDARD = "gnu++14";
				CLANG_CXX_LIBRARY = "libc++";
				CLANG_ENABLE_MODULES = YES;
				CLANG_ENABLE_OBJC_ARC = YES;
				CLANG_ENABLE_OBJC_WEAK = YES;
				CLANG_WARN_BLOCK_CAPTURE_AUTORELEASING = YES;
				CLANG_WARN_BOOL_CONVERSION = YES;
				CLANG_WARN_COMMA = YES;
				CLANG_WARN_CONSTANT_CONVERSION = YES;
				CLANG_WARN_DEPRECATED_OBJC_IMPLEMENTATIONS = YES;
				CLANG_WARN_DIRECT_OBJC_ISA_USAGE = YES_ERROR;
				CLANG_WARN_DOCUMENTATION_COMMENTS = YES;
				CLANG_WARN_EMPTY_BODY = YES;
				CLANG_WARN_ENUM_CONVERSION = YES;
				CLANG_WARN_INFINITE_RECURSION = YES;
				CLANG_WARN_INT_CONVERSION = YES;
				CLANG_WARN_NON_LITERAL_NULL_CONVERSION = YES;
				CLANG_WARN_OBJC_IMPLICIT_RETAIN_SELF = YES;
				CLANG_WARN_OBJC_LITERAL_CONVERSION = YES;
				CLANG_WARN_OBJC_ROOT_CLASS = YES_ERROR;
				CLANG_WARN_RANGE_LOOP_ANALYSIS = YES;
				CLANG_WARN_STRICT_PROTOTYPES = YES;
				CLANG_WARN_SUSPICIOUS_MOVE = YES;
				CLANG_WARN_UNGUARDED_AVAILABILITY = YES_AGGRESSIVE;
				CLANG_WARN_UNREACHABLE_CODE = YES;
				CLANG_WARN__DUPLICATE_METHOD_MATCH = YES;
				CODE_SIGN_IDENTITY = "iPhone Developer";
				COPY_PHASE_STRIP = NO;
				DEBUG_INFORMATION_FORMAT = "dwarf-with-dsym";
				ENABLE_NS_ASSERTIONS = NO;
				ENABLE_STRICT_OBJC_MSGSEND = YES;
				GCC_C_LANGUAGE_STANDARD = gnu11;
				GCC_NO_COMMON_BLOCKS = YES;
				GCC_WARN_64_TO_32_BIT_CONVERSION = YES;
				GCC_WARN_ABOUT_RETURN_TYPE = YES_ERROR;
				GCC_WARN_UNDECLARED_SELECTOR = YES;
				GCC_WARN_UNINITIALIZED_AUTOS = YES_AGGRESSIVE;
				GCC_WARN_UNUSED_FUNCTION = YES;
				GCC_WARN_UNUSED_VARIABLE = YES;
				IPHONEOS_DEPLOYMENT_TARGET = 12.4;
				MTL_ENABLE_DEBUG_INFO = NO;
				MTL_FAST_MATH = YES;
				SDKROOT = iphoneos;
				SWIFT_COMPILATION_MODE = wholemodule;
				SWIFT_OPTIMIZATION_LEVEL = "-O";
				VALIDATE_PRODUCT = YES;
			};
			name = Release;
		};
		772D84B2232729F300B1CEB5 /* Debug */ = {
			isa = XCBuildConfiguration;
			buildSettings = {
				ASSETCATALOG_COMPILER_APPICON_NAME = AppIcon;
				CODE_SIGN_STYLE = Automatic;
				DEVELOPMENT_TEAM = TYNC5NT5U5;
				INFOPLIST_FILE = mudLabRedes/Info.plist;
				LD_RUNPATH_SEARCH_PATHS = (
					"$(inherited)",
					"@executable_path/Frameworks",
				);
				PRODUCT_BUNDLE_IDENTIFIER = com.rangel.mestreMUD.mudLabRedes;
				PRODUCT_NAME = "$(TARGET_NAME)";
				SWIFT_VERSION = 5.0;
				TARGETED_DEVICE_FAMILY = "1,2";
			};
			name = Debug;
		};
		772D84B3232729F300B1CEB5 /* Release */ = {
			isa = XCBuildConfiguration;
			buildSettings = {
				ASSETCATALOG_COMPILER_APPICON_NAME = AppIcon;
				CODE_SIGN_STYLE = Automatic;
				DEVELOPMENT_TEAM = TYNC5NT5U5;
				INFOPLIST_FILE = mudLabRedes/Info.plist;
				LD_RUNPATH_SEARCH_PATHS = (
					"$(inherited)",
					"@executable_path/Frameworks",
				);
				PRODUCT_BUNDLE_IDENTIFIER = com.rangel.mestreMUD.mudLabRedes;
				PRODUCT_NAME = "$(TARGET_NAME)";
				SWIFT_VERSION = 5.0;
				TARGETED_DEVICE_FAMILY = "1,2";
			};
			name = Release;
		};
/* End XCBuildConfiguration section */

/* Begin XCConfigurationList section */
		772D849A232729F200B1CEB5 /* Build configuration list for PBXProject "mudLabRedes" */ = {
			isa = XCConfigurationList;
			buildConfigurations = (
				772D84AF232729F300B1CEB5 /* Debug */,
				772D84B0232729F300B1CEB5 /* Release */,
			);
			defaultConfigurationIsVisible = 0;
			defaultConfigurationName = Release;
		};
		772D84B1232729F300B1CEB5 /* Build configuration list for PBXNativeTarget "mudLabRedes" */ = {
			isa = XCConfigurationList;
			buildConfigurations = (
				772D84B2232729F300B1CEB5 /* Debug */,
				772D84B3232729F300B1CEB5 /* Release */,
			);
			defaultConfigurationIsVisible = 0;
			defaultConfigurationName = Release;
		};
/* End XCConfigurationList section */
	};
	rootObject = 772D8497232729F200B1CEB5 /* Project object */;
}
